
Microsoft Visual Studio Solution File, Format Version 12.00
# Visual Studio Version 16
VisualStudioVersion = 16.0.30114.105
MinimumVisualStudioVersion = 10.0.40219.1
Project("{2150E333-8FDC-42A3-9474-1A3956D46DE8}") = "src", "src", "{47D1F2B9-B4FC-4EC7-9F1E-128B48AE374C}"
EndProject
Project("{FAE04EC0-301F-11D3-BF4B-00C04F79EFBC}") = "RecordTypesApp", "src\RecordTypesApp\RecordTypesApp.csproj", "{67F7F0D9-F63A-40F5-9ECA-D762527CDFC1}"
EndProject
Global
	GlobalSection(SolutionConfigurationPlatforms) = preSolution
		Debug|Any CPU = Debug|Any CPU
		Release|Any CPU = Release|Any CPU
	EndGlobalSection
	GlobalSection(SolutionProperties) = preSolution
		HideSolutionNode = FALSE
	EndGlobalSection
	GlobalSection(ProjectConfigurationPlatforms) = postSolution
		{67F7F0D9-F63A-40F5-9ECA-D762527CDFC1}.Debug|Any CPU.ActiveCfg = Debug|Any CPU
		{67F7F0D9-F63A-40F5-9ECA-D762527CDFC1}.Debug|Any CPU.Build.0 = Debug|Any CPU
		{67F7F0D9-F63A-40F5-9ECA-D762527CDFC1}.Release|Any CPU.ActiveCfg = Release|Any CPU
		{67F7F0D9-F63A-40F5-9ECA-D762527CDFC1}.Release|Any CPU.Build.0 = Release|Any CPU
	EndGlobalSection
	GlobalSection(NestedProjects) = preSolution
		{67F7F0D9-F63A-40F5-9ECA-D762527CDFC1} = {47D1F2B9-B4FC-4EC7-9F1E-128B48AE374C}
	EndGlobalSection
EndGlobal
